
Microsoft Visual Studio Solution File, Format Version 12.00
# Visual Studio Version 17
VisualStudioVersion = 17.9.34728.123
MinimumVisualStudioVersion = 10.0.40219.1
Project("{9A19103F-16F7-4668-BE54-9A1E7A4F7556}") = "Webfront", "Webfront.csproj", "{A2C499BA-54EE-4FA7-A35C-ACA1C5C89646}"
EndProject
Global
	GlobalSection(SolutionConfigurationPlatforms) = preSolution
		Debug|Any CPU = Debug|Any CPU
		Release|Any CPU = Release|Any CPU
	EndGlobalSection
	GlobalSection(ProjectConfigurationPlatforms) = postSolution
		{A2C499BA-54EE-4FA7-A35C-ACA1C5C89646}.Debug|Any CPU.ActiveCfg = Release|Any CPU
		{A2C499BA-54EE-4FA7-A35C-ACA1C5C89646}.Debug|Any CPU.Build.0 = Release|Any CPU
		{A2C499BA-54EE-4FA7-A35C-ACA1C5C89646}.Release|Any CPU.ActiveCfg = Debug|Any CPU
		{A2C499BA-54EE-4FA7-A35C-ACA1C5C89646}.Release|Any CPU.Build.0 = Debug|Any CPU
	EndGlobalSection
	GlobalSection(SolutionProperties) = preSolution
		HideSolutionNode = FALSE
	EndGlobalSection
	GlobalSection(ExtensibilityGlobals) = postSolution
		SolutionGuid = {AAB9D822-105E-41A9-A445-B48FCFD931BC}
	EndGlobalSection
EndGlobal
